
Microsoft Visual Studio Solution File, Format Version 12.00
# Visual Studio Version 16
VisualStudioVersion = 16.0.30002.166
MinimumVisualStudioVersion = 10.0.40219.1
Project("{8BC9CEB8-8B4A-11D0-8D11-00A0C91BC942}") = "simulator", "simulator\simulator.vcxproj", "{02EC2191-B376-441E-BE0B-187C3DEEBDBB}"
EndProject
Global
	GlobalSection(SolutionConfigurationPlatforms) = preSolution
		Debug|x64 = Debug|x64
		Debug|x86 = Debug|x86
		Release|x64 = Release|x64
		Release|x86 = Release|x86
	EndGlobalSection
	GlobalSection(ProjectConfigurationPlatforms) = postSolution
		{02EC2191-B376-441E-BE0B-187C3DEEBDBB}.Debug|x64.ActiveCfg = Debug|x64
		{02EC2191-B376-441E-BE0B-187C3DEEBDBB}.Debug|x64.Build.0 = Debug|x64
		{02EC2191-B376-441E-BE0B-187C3DEEBDBB}.Debug|x86.ActiveCfg = Debug|Win32
		{02EC2191-B376-441E-BE0B-187C3DEEBDBB}.Debug|x86.Build.0 = Debug|Win32
		{02EC2191-B376-441E-BE0B-187C3DEEBDBB}.Release|x64.ActiveCfg = Release|x64
		{02EC2191-B376-441E-BE0B-187C3DEEBDBB}.Release|x64.Build.0 = Release|x64
		{02EC2191-B376-441E-BE0B-187C3DEEBDBB}.Release|x86.ActiveCfg = Release|Win32
		{02EC2191-B376-441E-BE0B-187C3DEEBDBB}.Release|x86.Build.0 = Release|Win32
	EndGlobalSection
	GlobalSection(SolutionProperties) = preSolution
		HideSolutionNode = FALSE
	EndGlobalSection
	GlobalSection(ExtensibilityGlobals) = postSolution
		SolutionGuid = {5F2810EB-D4FE-44E8-BB43-46E0E6D67A8D}
	EndGlobalSection
EndGlobal
